
Microsoft Visual Studio Solution File, Format Version 12.00
# Visual Studio 15
Project("{FAE04EC0-301F-11D3-BF4B-00C04F79EFBC}") = "Intersect", "Intersect\Intersect.csproj", "{5BFB9EAF-5CDE-4AB1-A667-10C6B7A8EEC2}"
EndProject
Global
	GlobalSection(SolutionConfigurationPlatforms) = preSolution
		Debug|Any CPU = Debug|Any CPU
		Release|Any CPU = Release|Any CPU
	EndGlobalSection
	GlobalSection(ProjectConfigurationPlatforms) = postSolution
		{5BFB9EAF-5CDE-4AB1-A667-10C6B7A8EEC2}.Debug|Any CPU.ActiveCfg = Debug|Any CPU
		{5BFB9EAF-5CDE-4AB1-A667-10C6B7A8EEC2}.Debug|Any CPU.Build.0 = Debug|Any CPU
		{5BFB9EAF-5CDE-4AB1-A667-10C6B7A8EEC2}.Release|Any CPU.ActiveCfg = Release|Any CPU
		{5BFB9EAF-5CDE-4AB1-A667-10C6B7A8EEC2}.Release|Any CPU.Build.0 = Release|Any CPU
	EndGlobalSection
EndGlobal
